
Microsoft Visual Studio Solution File, Format Version 11.00
# Visual Studio 2010
Project("{2150E333-8FDC-42A3-9474-1A3956D46DE8}") = "iOS", "iOS", "{474AA3B7-D47F-4134-96A9-FB4F580219AC}"
EndProject
Project("{FAE04EC0-301F-11D3-BF4B-00C04F79EFBC}") = "GameStack.iOS", "iOS\GameStack.iOS.csproj", "{A74E0B3C-5920-4C74-B0C7-6D9F7A2EC828}"
EndProject
Project("{FAE04EC0-301F-11D3-BF4B-00C04F79EFBC}") = "GameStack.iOS.Bindings", "iOS\bindings\GameStack.iOS.Bindings.csproj", "{FAA87CC8-FC0B-43FB-B9FA-871573597175}"
EndProject
Project("{2150E333-8FDC-42A3-9474-1A3956D46DE8}") = "Android", "Android", "{A11EE885-7FFF-486F-8848-9A3203FCE626}"
EndProject
Project("{FAE04EC0-301F-11D3-BF4B-00C04F79EFBC}") = "GameStack.Android", "Android\GameStack.Android.csproj", "{4F6E9D20-6F6F-441D-8FD2-940CECE87D24}"
EndProject
Project("{FAE04EC0-301F-11D3-BF4B-00C04F79EFBC}") = "GameStack.Android.Bindings", "Android\bindings\GameStack.Android.Bindings.csproj", "{265D25E9-B44C-46DF-8B8F-9FAC9BA74E73}"
EndProject
Project("{2150E333-8FDC-42A3-9474-1A3956D46DE8}") = "Pipeline", "Pipeline", "{5C792672-D54E-4408-9043-D6D2C9B413D2}"
EndProject
Project("{FAE04EC0-301F-11D3-BF4B-00C04F79EFBC}") = "GameStack.Pipeline", "pipeline\GameStack.Pipeline.csproj", "{24C81D9C-0BB2-4E26-BA36-E7AC8C9727BE}"
EndProject
Project("{FAE04EC0-301F-11D3-BF4B-00C04F79EFBC}") = "Import", "pipeline\import\Import.csproj", "{CBACB988-65D2-4C5B-B268-309A1BF17D90}"
EndProject
Project("{2150E333-8FDC-42A3-9474-1A3956D46DE8}") = "Desktop", "Desktop", "{8B82398A-27C5-41FA-9A93-544FADC8058B}"
EndProject
Project("{FAE04EC0-301F-11D3-BF4B-00C04F79EFBC}") = "GameStack.Desktop", "Desktop\GameStack.Desktop.csproj", "{F616E57C-F618-4994-8F94-A6B78247AC6D}"
EndProject
Project("{FAE04EC0-301F-11D3-BF4B-00C04F79EFBC}") = "GameStack.Desktop.Bindings", "Desktop\bindings\GameStack.Desktop.Bindings.csproj", "{EEA75F42-6E10-4607-9957-3A7FF66FC0A7}"
EndProject
Global
	GlobalSection(SolutionConfigurationPlatforms) = preSolution
		Debug|Any CPU = Debug|Any CPU
		Release|Any CPU = Release|Any CPU
		Debug|iPhoneSimulator = Debug|iPhoneSimulator
		Release|iPhoneSimulator = Release|iPhoneSimulator
		Debug|iPhone = Debug|iPhone
		Release|iPhone = Release|iPhone
		Ad-Hoc|iPhone = Ad-Hoc|iPhone
		AppStore|iPhone = AppStore|iPhone
	EndGlobalSection
	GlobalSection(ProjectConfigurationPlatforms) = postSolution
		{24C81D9C-0BB2-4E26-BA36-E7AC8C9727BE}.Ad-Hoc|iPhone.ActiveCfg = Debug|Any CPU
		{24C81D9C-0BB2-4E26-BA36-E7AC8C9727BE}.Ad-Hoc|iPhone.Build.0 = Debug|Any CPU
		{24C81D9C-0BB2-4E26-BA36-E7AC8C9727BE}.AppStore|iPhone.ActiveCfg = Debug|Any CPU
		{24C81D9C-0BB2-4E26-BA36-E7AC8C9727BE}.AppStore|iPhone.Build.0 = Debug|Any CPU
		{24C81D9C-0BB2-4E26-BA36-E7AC8C9727BE}.Debug|Any CPU.ActiveCfg = Debug|Any CPU
		{24C81D9C-0BB2-4E26-BA36-E7AC8C9727BE}.Debug|Any CPU.Build.0 = Debug|Any CPU
		{24C81D9C-0BB2-4E26-BA36-E7AC8C9727BE}.Debug|iPhone.ActiveCfg = Debug|Any CPU
		{24C81D9C-0BB2-4E26-BA36-E7AC8C9727BE}.Debug|iPhone.Build.0 = Debug|Any CPU
		{24C81D9C-0BB2-4E26-BA36-E7AC8C9727BE}.Debug|iPhoneSimulator.ActiveCfg = Debug|Any CPU
		{24C81D9C-0BB2-4E26-BA36-E7AC8C9727BE}.Debug|iPhoneSimulator.Build.0 = Debug|Any CPU
		{24C81D9C-0BB2-4E26-BA36-E7AC8C9727BE}.Release|Any CPU.ActiveCfg = Release|Any CPU
		{24C81D9C-0BB2-4E26-BA36-E7AC8C9727BE}.Release|Any CPU.Build.0 = Release|Any CPU
		{24C81D9C-0BB2-4E26-BA36-E7AC8C9727BE}.Release|iPhone.ActiveCfg = Release|Any CPU
		{24C81D9C-0BB2-4E26-BA36-E7AC8C9727BE}.Release|iPhone.Build.0 = Release|Any CPU
		{24C81D9C-0BB2-4E26-BA36-E7AC8C9727BE}.Release|iPhoneSimulator.ActiveCfg = Release|Any CPU
		{24C81D9C-0BB2-4E26-BA36-E7AC8C9727BE}.Release|iPhoneSimulator.Build.0 = Release|Any CPU
		{265D25E9-B44C-46DF-8B8F-9FAC9BA74E73}.Ad-Hoc|iPhone.ActiveCfg = Release|Any CPU
		{265D25E9-B44C-46DF-8B8F-9FAC9BA74E73}.AppStore|iPhone.ActiveCfg = Release|Any CPU
		{265D25E9-B44C-46DF-8B8F-9FAC9BA74E73}.Debug|Any CPU.ActiveCfg = Debug|Any CPU
		{265D25E9-B44C-46DF-8B8F-9FAC9BA74E73}.Debug|iPhone.ActiveCfg = Debug|Any CPU
		{265D25E9-B44C-46DF-8B8F-9FAC9BA74E73}.Debug|iPhone.Build.0 = Debug|Any CPU
		{265D25E9-B44C-46DF-8B8F-9FAC9BA74E73}.Debug|iPhoneSimulator.ActiveCfg = Debug|Any CPU
		{265D25E9-B44C-46DF-8B8F-9FAC9BA74E73}.Debug|iPhoneSimulator.Build.0 = Debug|Any CPU
		{265D25E9-B44C-46DF-8B8F-9FAC9BA74E73}.Release|Any CPU.ActiveCfg = Release|Any CPU
		{265D25E9-B44C-46DF-8B8F-9FAC9BA74E73}.Release|iPhone.ActiveCfg = Release|Any CPU
		{265D25E9-B44C-46DF-8B8F-9FAC9BA74E73}.Release|iPhone.Build.0 = Release|Any CPU
		{265D25E9-B44C-46DF-8B8F-9FAC9BA74E73}.Release|iPhoneSimulator.ActiveCfg = Release|Any CPU
		{265D25E9-B44C-46DF-8B8F-9FAC9BA74E73}.Release|iPhoneSimulator.Build.0 = Release|Any CPU
		{4F6E9D20-6F6F-441D-8FD2-940CECE87D24}.Ad-Hoc|iPhone.ActiveCfg = Release|Any CPU
		{4F6E9D20-6F6F-441D-8FD2-940CECE87D24}.AppStore|iPhone.ActiveCfg = Release|Any CPU
		{4F6E9D20-6F6F-441D-8FD2-940CECE87D24}.Debug|Any CPU.ActiveCfg = Debug|Any CPU
		{4F6E9D20-6F6F-441D-8FD2-940CECE87D24}.Debug|iPhone.ActiveCfg = Debug|Any CPU
		{4F6E9D20-6F6F-441D-8FD2-940CECE87D24}.Debug|iPhone.Build.0 = Debug|Any CPU
		{4F6E9D20-6F6F-441D-8FD2-940CECE87D24}.Debug|iPhoneSimulator.ActiveCfg = Debug|Any CPU
		{4F6E9D20-6F6F-441D-8FD2-940CECE87D24}.Debug|iPhoneSimulator.Build.0 = Debug|Any CPU
		{4F6E9D20-6F6F-441D-8FD2-940CECE87D24}.Release|Any CPU.ActiveCfg = Release|Any CPU
		{4F6E9D20-6F6F-441D-8FD2-940CECE87D24}.Release|iPhone.ActiveCfg = Release|Any CPU
		{4F6E9D20-6F6F-441D-8FD2-940CECE87D24}.Release|iPhone.Build.0 = Release|Any CPU
		{4F6E9D20-6F6F-441D-8FD2-940CECE87D24}.Release|iPhoneSimulator.ActiveCfg = Release|Any CPU
		{4F6E9D20-6F6F-441D-8FD2-940CECE87D24}.Release|iPhoneSimulator.Build.0 = Release|Any CPU
		{A74E0B3C-5920-4C74-B0C7-6D9F7A2EC828}.Ad-Hoc|iPhone.ActiveCfg = Debug|Any CPU
		{A74E0B3C-5920-4C74-B0C7-6D9F7A2EC828}.Ad-Hoc|iPhone.Build.0 = Debug|Any CPU
		{A74E0B3C-5920-4C74-B0C7-6D9F7A2EC828}.AppStore|iPhone.ActiveCfg = Debug|Any CPU
		{A74E0B3C-5920-4C74-B0C7-6D9F7A2EC828}.AppStore|iPhone.Build.0 = Debug|Any CPU
		{A74E0B3C-5920-4C74-B0C7-6D9F7A2EC828}.Debug|Any CPU.ActiveCfg = Debug|Any CPU
		{A74E0B3C-5920-4C74-B0C7-6D9F7A2EC828}.Debug|Any CPU.Build.0 = Debug|Any CPU
		{A74E0B3C-5920-4C74-B0C7-6D9F7A2EC828}.Debug|iPhone.ActiveCfg = Debug|Any CPU
		{A74E0B3C-5920-4C74-B0C7-6D9F7A2EC828}.Debug|iPhone.Build.0 = Debug|Any CPU
		{A74E0B3C-5920-4C74-B0C7-6D9F7A2EC828}.Debug|iPhoneSimulator.ActiveCfg = Debug|Any CPU
		{A74E0B3C-5920-4C74-B0C7-6D9F7A2EC828}.Debug|iPhoneSimulator.Build.0 = Debug|Any CPU
		{A74E0B3C-5920-4C74-B0C7-6D9F7A2EC828}.Release|Any CPU.ActiveCfg = Release|Any CPU
		{A74E0B3C-5920-4C74-B0C7-6D9F7A2EC828}.Release|Any CPU.Build.0 = Release|Any CPU
		{A74E0B3C-5920-4C74-B0C7-6D9F7A2EC828}.Release|iPhone.ActiveCfg = Release|Any CPU
		{A74E0B3C-5920-4C74-B0C7-6D9F7A2EC828}.Release|iPhone.Build.0 = Release|Any CPU
		{A74E0B3C-5920-4C74-B0C7-6D9F7A2EC828}.Release|iPhoneSimulator.ActiveCfg = Release|Any CPU
		{A74E0B3C-5920-4C74-B0C7-6D9F7A2EC828}.Release|iPhoneSimulator.Build.0 = Release|Any CPU
		{CBACB988-65D2-4C5B-B268-309A1BF17D90}.Ad-Hoc|iPhone.ActiveCfg = Debug|Any CPU
		{CBACB988-65D2-4C5B-B268-309A1BF17D90}.Ad-Hoc|iPhone.Build.0 = Debug|Any CPU
		{CBACB988-65D2-4C5B-B268-309A1BF17D90}.AppStore|iPhone.ActiveCfg = Debug|Any CPU
		{CBACB988-65D2-4C5B-B268-309A1BF17D90}.AppStore|iPhone.Build.0 = Debug|Any CPU
		{CBACB988-65D2-4C5B-B268-309A1BF17D90}.Debug|Any CPU.ActiveCfg = Debug|Any CPU
		{CBACB988-65D2-4C5B-B268-309A1BF17D90}.Debug|Any CPU.Build.0 = Debug|Any CPU
		{CBACB988-65D2-4C5B-B268-309A1BF17D90}.Debug|iPhone.ActiveCfg = Debug|Any CPU
		{CBACB988-65D2-4C5B-B268-309A1BF17D90}.Debug|iPhone.Build.0 = Debug|Any CPU
		{CBACB988-65D2-4C5B-B268-309A1BF17D90}.Debug|iPhoneSimulator.ActiveCfg = Debug|Any CPU
		{CBACB988-65D2-4C5B-B268-309A1BF17D90}.Debug|iPhoneSimulator.Build.0 = Debug|Any CPU
		{CBACB988-65D2-4C5B-B268-309A1BF17D90}.Release|Any CPU.ActiveCfg = Release|Any CPU
		{CBACB988-65D2-4C5B-B268-309A1BF17D90}.Release|Any CPU.Build.0 = Release|Any CPU
		{CBACB988-65D2-4C5B-B268-309A1BF17D90}.Release|iPhone.ActiveCfg = Release|Any CPU
		{CBACB988-65D2-4C5B-B268-309A1BF17D90}.Release|iPhone.Build.0 = Release|Any CPU
		{CBACB988-65D2-4C5B-B268-309A1BF17D90}.Release|iPhoneSimulator.ActiveCfg = Release|Any CPU
		{CBACB988-65D2-4C5B-B268-309A1BF17D90}.Release|iPhoneSimulator.Build.0 = Release|Any CPU
		{EEA75F42-6E10-4607-9957-3A7FF66FC0A7}.Ad-Hoc|iPhone.ActiveCfg = Release|Any CPU
		{EEA75F42-6E10-4607-9957-3A7FF66FC0A7}.Ad-Hoc|iPhone.Build.0 = Release|Any CPU
		{EEA75F42-6E10-4607-9957-3A7FF66FC0A7}.AppStore|iPhone.ActiveCfg = Release|Any CPU
		{EEA75F42-6E10-4607-9957-3A7FF66FC0A7}.AppStore|iPhone.Build.0 = Release|Any CPU
		{EEA75F42-6E10-4607-9957-3A7FF66FC0A7}.Debug|Any CPU.ActiveCfg = Debug|Any CPU
		{EEA75F42-6E10-4607-9957-3A7FF66FC0A7}.Debug|Any CPU.Build.0 = Debug|Any CPU
		{EEA75F42-6E10-4607-9957-3A7FF66FC0A7}.Debug|iPhone.ActiveCfg = Debug|Any CPU
		{EEA75F42-6E10-4607-9957-3A7FF66FC0A7}.Debug|iPhone.Build.0 = Debug|Any CPU
		{EEA75F42-6E10-4607-9957-3A7FF66FC0A7}.Debug|iPhoneSimulator.ActiveCfg = Debug|Any CPU
		{EEA75F42-6E10-4607-9957-3A7FF66FC0A7}.Debug|iPhoneSimulator.Build.0 = Debug|Any CPU
		{EEA75F42-6E10-4607-9957-3A7FF66FC0A7}.Release|Any CPU.ActiveCfg = Release|Any CPU
		{EEA75F42-6E10-4607-9957-3A7FF66FC0A7}.Release|Any CPU.Build.0 = Release|Any CPU
		{EEA75F42-6E10-4607-9957-3A7FF66FC0A7}.Release|iPhone.ActiveCfg = Release|Any CPU
		{EEA75F42-6E10-4607-9957-3A7FF66FC0A7}.Release|iPhone.Build.0 = Release|Any CPU
		{EEA75F42-6E10-4607-9957-3A7FF66FC0A7}.Release|iPhoneSimulator.ActiveCfg = Release|Any CPU
		{EEA75F42-6E10-4607-9957-3A7FF66FC0A7}.Release|iPhoneSimulator.Build.0 = Release|Any CPU
		{F616E57C-F618-4994-8F94-A6B78247AC6D}.Ad-Hoc|iPhone.ActiveCfg = Release|Any CPU
		{F616E57C-F618-4994-8F94-A6B78247AC6D}.Ad-Hoc|iPhone.Build.0 = Release|Any CPU
		{F616E57C-F618-4994-8F94-A6B78247AC6D}.AppStore|iPhone.ActiveCfg = Release|Any CPU
		{F616E57C-F618-4994-8F94-A6B78247AC6D}.AppStore|iPhone.Build.0 = Release|Any CPU
		{F616E57C-F618-4994-8F94-A6B78247AC6D}.Debug|Any CPU.ActiveCfg = Debug|Any CPU
		{F616E57C-F618-4994-8F94-A6B78247AC6D}.Debug|Any CPU.Build.0 = Debug|Any CPU
		{F616E57C-F618-4994-8F94-A6B78247AC6D}.Debug|iPhone.ActiveCfg = Debug|Any CPU
		{F616E57C-F618-4994-8F94-A6B78247AC6D}.Debug|iPhone.Build.0 = Debug|Any CPU
		{F616E57C-F618-4994-8F94-A6B78247AC6D}.Debug|iPhoneSimulator.ActiveCfg = Debug|Any CPU
		{F616E57C-F618-4994-8F94-A6B78247AC6D}.Debug|iPhoneSimulator.Build.0 = Debug|Any CPU
		{F616E57C-F618-4994-8F94-A6B78247AC6D}.Release|Any CPU.ActiveCfg = Release|Any CPU
		{F616E57C-F618-4994-8F94-A6B78247AC6D}.Release|Any CPU.Build.0 = Release|Any CPU
		{F616E57C-F618-4994-8F94-A6B78247AC6D}.Release|iPhone.ActiveCfg = Release|Any CPU
		{F616E57C-F618-4994-8F94-A6B78247AC6D}.Release|iPhone.Build.0 = Release|Any CPU
		{F616E57C-F618-4994-8F94-A6B78247AC6D}.Release|iPhoneSimulator.ActiveCfg = Release|Any CPU
		{F616E57C-F618-4994-8F94-A6B78247AC6D}.Release|iPhoneSimulator.Build.0 = Release|Any CPU
		{FAA87CC8-FC0B-43FB-B9FA-871573597175}.Ad-Hoc|iPhone.ActiveCfg = Release|Any CPU
		{FAA87CC8-FC0B-43FB-B9FA-871573597175}.Ad-Hoc|iPhone.Build.0 = Release|Any CPU
		{FAA87CC8-FC0B-43FB-B9FA-871573597175}.AppStore|iPhone.ActiveCfg = Release|Any CPU
		{FAA87CC8-FC0B-43FB-B9FA-871573597175}.AppStore|iPhone.Build.0 = Release|Any CPU
		{FAA87CC8-FC0B-43FB-B9FA-871573597175}.Debug|Any CPU.ActiveCfg = Debug|Any CPU
		{FAA87CC8-FC0B-43FB-B9FA-871573597175}.Debug|Any CPU.Build.0 = Debug|Any CPU
		{FAA87CC8-FC0B-43FB-B9FA-871573597175}.Debug|iPhone.ActiveCfg = Debug|Any CPU
		{FAA87CC8-FC0B-43FB-B9FA-871573597175}.Debug|iPhone.Build.0 = Debug|Any CPU
		{FAA87CC8-FC0B-43FB-B9FA-871573597175}.Debug|iPhoneSimulator.ActiveCfg = Debug|Any CPU
		{FAA87CC8-FC0B-43FB-B9FA-871573597175}.Debug|iPhoneSimulator.Build.0 = Debug|Any CPU
		{FAA87CC8-FC0B-43FB-B9FA-871573597175}.Release|Any CPU.ActiveCfg = Release|Any CPU
		{FAA87CC8-FC0B-43FB-B9FA-871573597175}.Release|Any CPU.Build.0 = Release|Any CPU
		{FAA87CC8-FC0B-43FB-B9FA-871573597175}.Release|iPhone.ActiveCfg = Release|Any CPU
		{FAA87CC8-FC0B-43FB-B9FA-871573597175}.Release|iPhone.Build.0 = Release|Any CPU
		{FAA87CC8-FC0B-43FB-B9FA-871573597175}.Release|iPhoneSimulator.ActiveCfg = Release|Any CPU
		{FAA87CC8-FC0B-43FB-B9FA-871573597175}.Release|iPhoneSimulator.Build.0 = Release|Any CPU
	EndGlobalSection
	GlobalSection(NestedProjects) = preSolution
		{A74E0B3C-5920-4C74-B0C7-6D9F7A2EC828} = {474AA3B7-D47F-4134-96A9-FB4F580219AC}
		{FAA87CC8-FC0B-43FB-B9FA-871573597175} = {474AA3B7-D47F-4134-96A9-FB4F580219AC}
		{4F6E9D20-6F6F-441D-8FD2-940CECE87D24} = {A11EE885-7FFF-486F-8848-9A3203FCE626}
		{265D25E9-B44C-46DF-8B8F-9FAC9BA74E73} = {A11EE885-7FFF-486F-8848-9A3203FCE626}
		{24C81D9C-0BB2-4E26-BA36-E7AC8C9727BE} = {5C792672-D54E-4408-9043-D6D2C9B413D2}
		{CBACB988-65D2-4C5B-B268-309A1BF17D90} = {5C792672-D54E-4408-9043-D6D2C9B413D2}
		{F616E57C-F618-4994-8F94-A6B78247AC6D} = {8B82398A-27C5-41FA-9A93-544FADC8058B}
		{EEA75F42-6E10-4607-9957-3A7FF66FC0A7} = {8B82398A-27C5-41FA-9A93-544FADC8058B}
	EndGlobalSection
	GlobalSection(MonoDevelopProperties) = preSolution
		StartupItem = iOS\GameStack.iOS.csproj
	EndGlobalSection
EndGlobal
