
Microsoft Visual Studio Solution File, Format Version 11.00
# Visual Studio 2010
Project("{FAE04EC0-301F-11D3-BF4B-00C04F79EFBC}") = "Match3.iOS", "Match3.iOS\Match3.iOS.csproj", "{8C580E24-016A-471B-8D63-D243585FAAFB}"
EndProject
Global
	GlobalSection(SolutionConfigurationPlatforms) = preSolution
		Debug|iPhoneSimulator = Debug|iPhoneSimulator
		Release|iPhoneSimulator = Release|iPhoneSimulator
		Debug|iPhone = Debug|iPhone
		Release|iPhone = Release|iPhone
		Ad-Hoc|iPhone = Ad-Hoc|iPhone
		AppStore|iPhone = AppStore|iPhone
	EndGlobalSection
	GlobalSection(ProjectConfigurationPlatforms) = postSolution
		{8C580E24-016A-471B-8D63-D243585FAAFB}.Ad-Hoc|iPhone.ActiveCfg = Ad-Hoc|iPhone
		{8C580E24-016A-471B-8D63-D243585FAAFB}.Ad-Hoc|iPhone.Build.0 = Ad-Hoc|iPhone
		{8C580E24-016A-471B-8D63-D243585FAAFB}.AppStore|iPhone.ActiveCfg = AppStore|iPhone
		{8C580E24-016A-471B-8D63-D243585FAAFB}.AppStore|iPhone.Build.0 = AppStore|iPhone
		{8C580E24-016A-471B-8D63-D243585FAAFB}.Debug|iPhone.ActiveCfg = Debug|iPhone
		{8C580E24-016A-471B-8D63-D243585FAAFB}.Debug|iPhone.Build.0 = Debug|iPhone
		{8C580E24-016A-471B-8D63-D243585FAAFB}.Debug|iPhoneSimulator.ActiveCfg = Debug|iPhoneSimulator
		{8C580E24-016A-471B-8D63-D243585FAAFB}.Debug|iPhoneSimulator.Build.0 = Debug|iPhoneSimulator
		{8C580E24-016A-471B-8D63-D243585FAAFB}.Release|iPhone.ActiveCfg = Release|iPhone
		{8C580E24-016A-471B-8D63-D243585FAAFB}.Release|iPhone.Build.0 = Release|iPhone
		{8C580E24-016A-471B-8D63-D243585FAAFB}.Release|iPhoneSimulator.ActiveCfg = Release|iPhoneSimulator
		{8C580E24-016A-471B-8D63-D243585FAAFB}.Release|iPhoneSimulator.Build.0 = Release|iPhoneSimulator
	EndGlobalSection
	GlobalSection(MonoDevelopProperties) = preSolution
		StartupItem = Match3.iOS\Match3.iOS.csproj
	EndGlobalSection
EndGlobal
